
Microsoft Visual Studio Solution File, Format Version 12.00
# Visual Studio Version 17
VisualStudioVersion = 17.0.31903.59
MinimumVisualStudioVersion = 10.0.40219.1
Project("{FAE04EC0-301F-11D3-BF4B-00C04F79EFBC}") = "API", "API\API.csproj", "{93C3E988-F68E-442F-ACDA-BC440CAB0015}"
EndProject
Project("{FAE04EC0-301F-11D3-BF4B-00C04F79EFBC}") = "Core", "Core\Core.csproj", "{2E408EC1-B14F-4729-8211-20EDEE95AE28}"
EndProject
Project("{FAE04EC0-301F-11D3-BF4B-00C04F79EFBC}") = "Infrastructure", "Infrastructure\Infrastructure.csproj", "{BB627E2C-1572-4F14-B666-799EF5EE1F0B}"
EndProject
Global
	GlobalSection(SolutionConfigurationPlatforms) = preSolution
		Debug|Any CPU = Debug|Any CPU
		Release|Any CPU = Release|Any CPU
	EndGlobalSection
	GlobalSection(SolutionProperties) = preSolution
		HideSolutionNode = FALSE
	EndGlobalSection
	GlobalSection(ProjectConfigurationPlatforms) = postSolution
		{93C3E988-F68E-442F-ACDA-BC440CAB0015}.Debug|Any CPU.ActiveCfg = Debug|Any CPU
		{93C3E988-F68E-442F-ACDA-BC440CAB0015}.Debug|Any CPU.Build.0 = Debug|Any CPU
		{93C3E988-F68E-442F-ACDA-BC440CAB0015}.Release|Any CPU.ActiveCfg = Release|Any CPU
		{93C3E988-F68E-442F-ACDA-BC440CAB0015}.Release|Any CPU.Build.0 = Release|Any CPU
		{2E408EC1-B14F-4729-8211-20EDEE95AE28}.Debug|Any CPU.ActiveCfg = Debug|Any CPU
		{2E408EC1-B14F-4729-8211-20EDEE95AE28}.Debug|Any CPU.Build.0 = Debug|Any CPU
		{2E408EC1-B14F-4729-8211-20EDEE95AE28}.Release|Any CPU.ActiveCfg = Release|Any CPU
		{2E408EC1-B14F-4729-8211-20EDEE95AE28}.Release|Any CPU.Build.0 = Release|Any CPU
		{BB627E2C-1572-4F14-B666-799EF5EE1F0B}.Debug|Any CPU.ActiveCfg = Debug|Any CPU
		{BB627E2C-1572-4F14-B666-799EF5EE1F0B}.Debug|Any CPU.Build.0 = Debug|Any CPU
		{BB627E2C-1572-4F14-B666-799EF5EE1F0B}.Release|Any CPU.ActiveCfg = Release|Any CPU
		{BB627E2C-1572-4F14-B666-799EF5EE1F0B}.Release|Any CPU.Build.0 = Release|Any CPU
	EndGlobalSection
EndGlobal
